// !$*UTF8*$!
{
	archiveVersion = 1;
	classes = {
	};
	objectVersion = 46;
	objects = {

/* Begin PBXBuildFile section */
		F88FBE281A77D041000E8242 /* AppDelegate.m in Sources */ = {isa = PBXBuildFile; fileRef = F88FBE271A77D041000E8242 /* AppDelegate.m */; };
		F88FBE2A1A77D041000E8242 /* main.m in Sources */ = {isa = PBXBuildFile; fileRef = F88FBE291A77D041000E8242 /* main.m */; };
		F88FBE2D1A77D041000E8242 /* Document.m in Sources */ = {isa = PBXBuildFile; fileRef = F88FBE2C1A77D041000E8242 /* Document.m */; };
		F88FBE301A77D041000E8242 /* Document.xib in Resources */ = {isa = PBXBuildFile; fileRef = F88FBE2E1A77D041000E8242 /* Document.xib */; };
		F88FBE321A77D041000E8242 /* Images.xcassets in Resources */ = {isa = PBXBuildFile; fileRef = F88FBE311A77D041000E8242 /* Images.xcassets */; };
		F88FBE351A77D041000E8242 /* MainMenu.xib in Resources */ = {isa = PBXBuildFile; fileRef = F88FBE331A77D041000E8242 /* MainMenu.xib */; };
		F88FBE411A77D041000E8242 /* myfirstprojectTests.m in Sources */ = {isa = PBXBuildFile; fileRef = F88FBE401A77D041000E8242 /* myfirstprojectTests.m */; };
/* End PBXBuildFile section */

/* Begin PBXContainerItemProxy section */
		F88FBE3B1A77D041000E8242 /* PBXContainerItemProxy */ = {
			isa = PBXContainerItemProxy;
			containerPortal = F88FBE191A77D041000E8242 /* Project object */;
			proxyType = 1;
			remoteGlobalIDString = F88FBE201A77D041000E8242;
			remoteInfo = myfirstproject;
		};
/* End PBXContainerItemProxy section */

/* Begin PBXFileReference section */
		F88FBE211A77D041000E8242 /* myfirstproject.app */ = {isa = PBXFileReference; explicitFileType = wrapper.application; includeInIndex = 0; path = myfirstproject.app; sourceTree = BUILT_PRODUCTS_DIR; };
		F88FBE251A77D041000E8242 /* Info.plist */ = {isa = PBXFileReference; lastKnownFileType = text.plist.xml; path = Info.plist; sourceTree = "<group>"; };
		F88FBE261A77D041000E8242 /* AppDelegate.h */ = {isa = PBXFileReference; lastKnownFileType = sourcecode.c.h; path = AppDelegate.h; sourceTree = "<group>"; };
		F88FBE271A77D041000E8242 /* AppDelegate.m */ = {isa = PBXFileReference; lastKnownFileType = sourcecode.c.objc; path = AppDelegate.m; sourceTree = "<group>"; };
		F88FBE291A77D041000E8242 /* main.m */ = {isa = PBXFileReference; lastKnownFileType = sourcecode.c.objc; path = main.m; sourceTree = "<group>"; };
		F88FBE2B1A77D041000E8242 /* Document.h */ = {isa = PBXFileReference; lastKnownFileType = sourcecode.c.h; path = Document.h; sourceTree = "<group>"; };
		F88FBE2C1A77D041000E8242 /* Document.m */ = {isa = PBXFileReference; lastKnownFileType = sourcecode.c.objc; path = Document.m; sourceTree = "<group>"; };
		F88FBE2F1A77D041000E8242 /* Base */ = {isa = PBXFileReference; lastKnownFileType = file.xib; name = Base; path = Base.lproj/Document.xib; sourceTree = "<group>"; };
		F88FBE311A77D041000E8242 /* Images.xcassets */ = {isa = PBXFileReference; lastKnownFileType = folder.assetcatalog; path = Images.xcassets; sourceTree = "<group>"; };
		F88FBE341A77D041000E8242 /* Base */ = {isa = PBXFileReference; lastKnownFileType = file.xib; name = Base; path = Base.lproj/MainMenu.xib; sourceTree = "<group>"; };
		F88FBE3A1A77D041000E8242 /* myfirstprojectTests.xctest */ = {isa = PBXFileReference; explicitFileType = wrapper.cfbundle; includeInIndex = 0; path = myfirstprojectTests.xctest; sourceTree = BUILT_PRODUCTS_DIR; };
		F88FBE3F1A77D041000E8242 /* Info.plist */ = {isa = PBXFileReference; lastKnownFileType = text.plist.xml; path = Info.plist; sourceTree = "<group>"; };
		F88FBE401A77D041000E8242 /* myfirstprojectTests.m */ = {isa = PBXFileReference; lastKnownFileType = sourcecode.c.objc; path = myfirstprojectTests.m; sourceTree = "<group>"; };
/* End PBXFileReference section */

/* Begin PBXFrameworksBuildPhase section */
		F88FBE1E1A77D041000E8242 /* Frameworks */ = {
			isa = PBXFrameworksBuildPhase;
			buildActionMask = 2147483647;
			files = (
			);
			runOnlyForDeploymentPostprocessing = 0;
		};
		F88FBE371A77D041000E8242 /* Frameworks */ = {
			isa = PBXFrameworksBuildPhase;
			buildActionMask = 2147483647;
			files = (
			);
			runOnlyForDeploymentPostprocessing = 0;
		};
/* End PBXFrameworksBuildPhase section */

/* Begin PBXGroup section */
		F88FBE181A77D041000E8242 = {
			isa = PBXGroup;
			children = (
				F88FBE231A77D041000E8242 /* myfirstproject */,
				F88FBE3D1A77D041000E8242 /* myfirstprojectTests */,
				F88FBE221A77D041000E8242 /* Products */,
			);
			sourceTree = "<group>";
		};
		F88FBE221A77D041000E8242 /* Products */ = {
			isa = PBXGroup;
			children = (
				F88FBE211A77D041000E8242 /* myfirstproject.app */,
				F88FBE3A1A77D041000E8242 /* myfirstprojectTests.xctest */,
			);
			name = Products;
			sourceTree = "<group>";
		};
		F88FBE231A77D041000E8242 /* myfirstproject */ = {
			isa = PBXGroup;
			children = (
				F88FBE261A77D041000E8242 /* AppDelegate.h */,
				F88FBE271A77D041000E8242 /* AppDelegate.m */,
				F88FBE2B1A77D041000E8242 /* Document.h */,
				F88FBE2C1A77D041000E8242 /* Document.m */,
				F88FBE2E1A77D041000E8242 /* Document.xib */,
				F88FBE311A77D041000E8242 /* Images.xcassets */,
				F88FBE331A77D041000E8242 /* MainMenu.xib */,
				F88FBE241A77D041000E8242 /* Supporting Files */,
			);
			path = myfirstproject;
			sourceTree = "<group>";
		};
		F88FBE241A77D041000E8242 /* Supporting Files */ = {
			isa = PBXGroup;
			children = (
				F88FBE251A77D041000E8242 /* Info.plist */,
				F88FBE291A77D041000E8242 /* main.m */,
			);
			name = "Supporting Files";
			sourceTree = "<group>";
		};
		F88FBE3D1A77D041000E8242 /* myfirstprojectTests */ = {
			isa = PBXGroup;
			children = (
				F88FBE401A77D041000E8242 /* myfirstprojectTests.m */,
				F88FBE3E1A77D041000E8242 /* Supporting Files */,
			);
			path = myfirstprojectTests;
			sourceTree = "<group>";
		};
		F88FBE3E1A77D041000E8242 /* Supporting Files */ = {
			isa = PBXGroup;
			children = (
				F88FBE3F1A77D041000E8242 /* Info.plist */,
			);
			name = "Supporting Files";
			sourceTree = "<group>";
		};
/* End PBXGroup section */

/* Begin PBXNativeTarget section */
		F88FBE201A77D041000E8242 /* myfirstproject */ = {
			isa = PBXNativeTarget;
			buildConfigurationList = F88FBE441A77D041000E8242 /* Build configuration list for PBXNativeTarget "myfirstproject" */;
			buildPhases = (
				F88FBE1D1A77D041000E8242 /* Sources */,
				F88FBE1E1A77D041000E8242 /* Frameworks */,
				F88FBE1F1A77D041000E8242 /* Resources */,
			);
			buildRules = (
			);
			dependencies = (
			);
			name = myfirstproject;
			productName = myfirstproject;
			productReference = F88FBE211A77D041000E8242 /* myfirstproject.app */;
			productType = "com.apple.product-type.application";
		};
		F88FBE391A77D041000E8242 /* myfirstprojectTests */ = {
			isa = PBXNativeTarget;
			buildConfigurationList = F88FBE471A77D041000E8242 /* Build configuration list for PBXNativeTarget "myfirstprojectTests" */;
			buildPhases = (
				F88FBE361A77D041000E8242 /* Sources */,
				F88FBE371A77D041000E8242 /* Frameworks */,
				F88FBE381A77D041000E8242 /* Resources */,
			);
			buildRules = (
			);
			dependencies = (
				F88FBE3C1A77D041000E8242 /* PBXTargetDependency */,
			);
			name = myfirstprojectTests;
			productName = myfirstprojectTests;
			productReference = F88FBE3A1A77D041000E8242 /* myfirstprojectTests.xctest */;
			productType = "com.apple.product-type.bundle.unit-test";
		};
/* End PBXNativeTarget section */

/* Begin PBXProject section */
		F88FBE191A77D041000E8242 /* Project object */ = {
			isa = PBXProject;
			attributes = {
				LastUpgradeCheck = 0610;
				ORGANIZATIONNAME = liuhs;
				TargetAttributes = {
					F88FBE201A77D041000E8242 = {
						CreatedOnToolsVersion = 6.1.1;
					};
					F88FBE391A77D041000E8242 = {
						CreatedOnToolsVersion = 6.1.1;
						TestTargetID = F88FBE201A77D041000E8242;
					};
				};
			};
			buildConfigurationList = F88FBE1C1A77D041000E8242 /* Build configuration list for PBXProject "myfirstproject" */;
			compatibilityVersion = "Xcode 3.2";
			developmentRegion = English;
			hasScannedForEncodings = 0;
			knownRegions = (
				en,
				Base,
			);
			mainGroup = F88FBE181A77D041000E8242;
			productRefGroup = F88FBE221A77D041000E8242 /* Products */;
			projectDirPath = "";
			projectRoot = "";
			targets = (
				F88FBE201A77D041000E8242 /* myfirstproject */,
				F88FBE391A77D041000E8242 /* myfirstprojectTests */,
			);
		};
/* End PBXProject section */

/* Begin PBXResourcesBuildPhase section */
		F88FBE1F1A77D041000E8242 /* Resources */ = {
			isa = PBXResourcesBuildPhase;
			buildActionMask = 2147483647;
			files = (
				F88FBE301A77D041000E8242 /* Document.xib in Resources */,
				F88FBE321A77D041000E8242 /* Images.xcassets in Resources */,
				F88FBE351A77D041000E8242 /* MainMenu.xib in Resources */,
			);
			runOnlyForDeploymentPostprocessing = 0;
		};
		F88FBE381A77D041000E8242 /* Resources */ = {
			isa = PBXResourcesBuildPhase;
			buildActionMask = 2147483647;
			files = (
			);
			runOnlyForDeploymentPostprocessing = 0;
		};
/* End PBXResourcesBuildPhase section */

/* Begin PBXSourcesBuildPhase section */
		F88FBE1D1A77D041000E8242 /* Sources */ = {
			isa = PBXSourcesBuildPhase;
			buildActionMask = 2147483647;
			files = (
				F88FBE2D1A77D041000E8242 /* Document.m in Sources */,
				F88FBE2A1A77D041000E8242 /* main.m in Sources */,
				F88FBE281A77D041000E8242 /* AppDelegate.m in Sources */,
			);
			runOnlyForDeploymentPostprocessing = 0;
		};
		F88FBE361A77D041000E8242 /* Sources */ = {
			isa = PBXSourcesBuildPhase;
			buildActionMask = 2147483647;
			files = (
				F88FBE411A77D041000E8242 /* myfirstprojectTests.m in Sources */,
			);
			runOnlyForDeploymentPostprocessing = 0;
		};
/* End PBXSourcesBuildPhase section */

/* Begin PBXTargetDependency section */
		F88FBE3C1A77D041000E8242 /* PBXTargetDependency */ = {
			isa = PBXTargetDependency;
			target = F88FBE201A77D041000E8242 /* myfirstproject */;
			targetProxy = F88FBE3B1A77D041000E8242 /* PBXContainerItemProxy */;
		};
/* End PBXTargetDependency section */

/* Begin PBXVariantGroup section */
		F88FBE2E1A77D041000E8242 /* Document.xib */ = {
			isa = PBXVariantGroup;
			children = (
				F88FBE2F1A77D041000E8242 /* Base */,
			);
			name = Document.xib;
			sourceTree = "<group>";
		};
		F88FBE331A77D041000E8242 /* MainMenu.xib */ = {
			isa = PBXVariantGroup;
			children = (
				F88FBE341A77D041000E8242 /* Base */,
			);
			name = MainMenu.xib;
			sourceTree = "<group>";
		};
/* End PBXVariantGroup section */

/* Begin XCBuildConfiguration section */
		F88FBE421A77D041000E8242 /* Debug */ = {
			isa = XCBuildConfiguration;
			buildSettings = {
				ALWAYS_SEARCH_USER_PATHS = NO;
				CLANG_CXX_LANGUAGE_STANDARD = "gnu++0x";
				CLANG_CXX_LIBRARY = "libc++";
				CLANG_ENABLE_MODULES = YES;
				CLANG_ENABLE_OBJC_ARC = YES;
				CLANG_WARN_BOOL_CONVERSION = YES;
				CLANG_WARN_CONSTANT_CONVERSION = YES;
				CLANG_WARN_DIRECT_OBJC_ISA_USAGE = YES_ERROR;
				CLANG_WARN_EMPTY_BODY = YES;
				CLANG_WARN_ENUM_CONVERSION = YES;
				CLANG_WARN_INT_CONVERSION = YES;
				CLANG_WARN_OBJC_ROOT_CLASS = YES_ERROR;
				CLANG_WARN_UNREACHABLE_CODE = YES;
				CLANG_WARN__DUPLICATE_METHOD_MATCH = YES;
				CODE_SIGN_IDENTITY = "-";
				COPY_PHASE_STRIP = NO;
				ENABLE_STRICT_OBJC_MSGSEND = YES;
				GCC_C_LANGUAGE_STANDARD = gnu99;
				GCC_DYNAMIC_NO_PIC = NO;
				GCC_OPTIMIZATION_LEVEL = 0;
				GCC_PREPROCESSOR_DEFINITIONS = (
					"DEBUG=1",
					"$(inherited)",
				);
				GCC_SYMBOLS_PRIVATE_EXTERN = NO;
				GCC_WARN_64_TO_32_BIT_CONVERSION = YES;
				GCC_WARN_ABOUT_RETURN_TYPE = YES_ERROR;
				GCC_WARN_UNDECLARED_SELECTOR = YES;
				GCC_WARN_UNINITIALIZED_AUTOS = YES_AGGRESSIVE;
				GCC_WARN_UNUSED_FUNCTION = YES;
				GCC_WARN_UNUSED_VARIABLE = YES;
				MACOSX_DEPLOYMENT_TARGET = 10.9;
				MTL_ENABLE_DEBUG_INFO = YES;
				ONLY_ACTIVE_ARCH = YES;
				SDKROOT = macosx;
			};
			name = Debug;
		};
		F88FBE431A77D041000E8242 /* Release */ = {
			isa = XCBuildConfiguration;
			buildSettings = {
				ALWAYS_SEARCH_USER_PATHS = NO;
				CLANG_CXX_LANGUAGE_STANDARD = "gnu++0x";
				CLANG_CXX_LIBRARY = "libc++";
				CLANG_ENABLE_MODULES = YES;
				CLANG_ENABLE_OBJC_ARC = YES;
				CLANG_WARN_BOOL_CONVERSION = YES;
				CLANG_WARN_CONSTANT_CONVERSION = YES;
				CLANG_WARN_DIRECT_OBJC_ISA_USAGE = YES_ERROR;
				CLANG_WARN_EMPTY_BODY = YES;
				CLANG_WARN_ENUM_CONVERSION = YES;
				CLANG_WARN_INT_CONVERSION = YES;
				CLANG_WARN_OBJC_ROOT_CLASS = YES_ERROR;
				CLANG_WARN_UNREACHABLE_CODE = YES;
				CLANG_WARN__DUPLICATE_METHOD_MATCH = YES;
				CODE_SIGN_IDENTITY = "-";
				COPY_PHASE_STRIP = YES;
				DEBUG_INFORMATION_FORMAT = "dwarf-with-dsym";
				ENABLE_NS_ASSERTIONS = NO;
				ENABLE_STRICT_OBJC_MSGSEND = YES;
				GCC_C_LANGUAGE_STANDARD = gnu99;
				GCC_WARN_64_TO_32_BIT_CONVERSION = YES;
				GCC_WARN_ABOUT_RETURN_TYPE = YES_ERROR;
				GCC_WARN_UNDECLARED_SELECTOR = YES;
				GCC_WARN_UNINITIALIZED_AUTOS = YES_AGGRESSIVE;
				GCC_WARN_UNUSED_FUNCTION = YES;
				GCC_WARN_UNUSED_VARIABLE = YES;
				MACOSX_DEPLOYMENT_TARGET = 10.9;
				MTL_ENABLE_DEBUG_INFO = NO;
				SDKROOT = macosx;
			};
			name = Release;
		};
		F88FBE451A77D041000E8242 /* Debug */ = {
			isa = XCBuildConfiguration;
			buildSettings = {
				ASSETCATALOG_COMPILER_APPICON_NAME = AppIcon;
				COMBINE_HIDPI_IMAGES = YES;
				INFOPLIST_FILE = myfirstproject/Info.plist;
				LD_RUNPATH_SEARCH_PATHS = "$(inherited) @executable_path/../Frameworks";
				PRODUCT_NAME = "$(TARGET_NAME)";
			};
			name = Debug;
		};
		F88FBE461A77D041000E8242 /* Release */ = {
			isa = XCBuildConfiguration;
			buildSettings = {
				ASSETCATALOG_COMPILER_APPICON_NAME = AppIcon;
				COMBINE_HIDPI_IMAGES = YES;
				INFOPLIST_FILE = myfirstproject/Info.plist;
				LD_RUNPATH_SEARCH_PATHS = "$(inherited) @executable_path/../Frameworks";
				PRODUCT_NAME = "$(TARGET_NAME)";
			};
			name = Release;
		};
		F88FBE481A77D041000E8242 /* Debug */ = {
			isa = XCBuildConfiguration;
			buildSettings = {
				BUNDLE_LOADER = "$(TEST_HOST)";
				COMBINE_HIDPI_IMAGES = YES;
				FRAMEWORK_SEARCH_PATHS = (
					"$(DEVELOPER_FRAMEWORKS_DIR)",
					"$(inherited)",
				);
				GCC_PREPROCESSOR_DEFINITIONS = (
					"DEBUG=1",
					"$(inherited)",
				);
				INFOPLIST_FILE = myfirstprojectTests/Info.plist;
				LD_RUNPATH_SEARCH_PATHS = "$(inherited) @executable_path/../Frameworks @loader_path/../Frameworks";
				PRODUCT_NAME = "$(TARGET_NAME)";
				TEST_HOST = "$(BUILT_PRODUCTS_DIR)/myfirstproject.app/Contents/MacOS/myfirstproject";
			};
			name = Debug;
		};
		F88FBE491A77D041000E8242 /* Release */ = {
			isa = XCBuildConfiguration;
			buildSettings = {
				BUNDLE_LOADER = "$(TEST_HOST)";
				COMBINE_HIDPI_IMAGES = YES;
				FRAMEWORK_SEARCH_PATHS = (
					"$(DEVELOPER_FRAMEWORKS_DIR)",
					"$(inherited)",
				);
				INFOPLIST_FILE = myfirstprojectTests/Info.plist;
				LD_RUNPATH_SEARCH_PATHS = "$(inherited) @executable_path/../Frameworks @loader_path/../Frameworks";
				PRODUCT_NAME = "$(TARGET_NAME)";
				TEST_HOST = "$(BUILT_PRODUCTS_DIR)/myfirstproject.app/Contents/MacOS/myfirstproject";
			};
			name = Release;
		};
/* End XCBuildConfiguration section */

/* Begin XCConfigurationList section */
		F88FBE1C1A77D041000E8242 /* Build configuration list for PBXProject "myfirstproject" */ = {
			isa = XCConfigurationList;
			buildConfigurations = (
				F88FBE421A77D041000E8242 /* Debug */,
				F88FBE431A77D041000E8242 /* Release */,
			);
			defaultConfigurationIsVisible = 0;
			defaultConfigurationName = Release;
		};
		F88FBE441A77D041000E8242 /* Build configuration list for PBXNativeTarget "myfirstproject" */ = {
			isa = XCConfigurationList;
			buildConfigurations = (
				F88FBE451A77D041000E8242 /* Debug */,
				F88FBE461A77D041000E8242 /* Release */,
			);
			defaultConfigurationIsVisible = 0;
		};
		F88FBE471A77D041000E8242 /* Build configuration list for PBXNativeTarget "myfirstprojectTests" */ = {
			isa = XCConfigurationList;
			buildConfigurations = (
				F88FBE481A77D041000E8242 /* Debug */,
				F88FBE491A77D041000E8242 /* Release */,
			);
			defaultConfigurationIsVisible = 0;
		};
/* End XCConfigurationList section */
	};
	rootObject = F88FBE191A77D041000E8242 /* Project object */;
}
